
Microsoft Visual Studio Solution File, Format Version 12.00
# Visual Studio Version 16
VisualStudioVersion = 16.0.30804.86
MinimumVisualStudioVersion = 10.0.40219.1
Project("{9A19103F-16F7-4668-BE54-9A1E7A4F7556}") = "DataBaseSelectionAutoParts", "DataBaseSelectionAutoParts\DataBaseSelectionAutoParts.csproj", "{676E2AF1-9259-459B-9808-93746AACEC33}"
EndProject
Project("{9A19103F-16F7-4668-BE54-9A1E7A4F7556}") = "API_WebSelectionAutoParts", "API_WebSelectionAutoParts\API_WebSelectionAutoParts.csproj", "{B5294567-244A-4270-B2F5-A6321791F63B}"
EndProject
Project("{9A19103F-16F7-4668-BE54-9A1E7A4F7556}") = "Web_SelectionAutoParts", "Web_SelectionAutoParts\Web_SelectionAutoParts.csproj", "{F9AE068A-C3CE-4C8A-8D1C-323366B04F88}"
EndProject
Project("{FAE04EC0-301F-11D3-BF4B-00C04F79EFBC}") = "Services_WebSelectionAutoParts", "Services_WebSelectionAutoParts\Services_WebSelectionAutoParts.csproj", "{200AD841-7DF7-42F7-B29F-996155104738}"
EndProject
Global
	GlobalSection(SolutionConfigurationPlatforms) = preSolution
		Debug|Any CPU = Debug|Any CPU
		Release|Any CPU = Release|Any CPU
	EndGlobalSection
	GlobalSection(ProjectConfigurationPlatforms) = postSolution
		{676E2AF1-9259-459B-9808-93746AACEC33}.Debug|Any CPU.ActiveCfg = Debug|Any CPU
		{676E2AF1-9259-459B-9808-93746AACEC33}.Debug|Any CPU.Build.0 = Debug|Any CPU
		{676E2AF1-9259-459B-9808-93746AACEC33}.Release|Any CPU.ActiveCfg = Release|Any CPU
		{676E2AF1-9259-459B-9808-93746AACEC33}.Release|Any CPU.Build.0 = Release|Any CPU
		{B5294567-244A-4270-B2F5-A6321791F63B}.Debug|Any CPU.ActiveCfg = Debug|Any CPU
		{B5294567-244A-4270-B2F5-A6321791F63B}.Debug|Any CPU.Build.0 = Debug|Any CPU
		{B5294567-244A-4270-B2F5-A6321791F63B}.Release|Any CPU.ActiveCfg = Release|Any CPU
		{B5294567-244A-4270-B2F5-A6321791F63B}.Release|Any CPU.Build.0 = Release|Any CPU
		{F9AE068A-C3CE-4C8A-8D1C-323366B04F88}.Debug|Any CPU.ActiveCfg = Debug|Any CPU
		{F9AE068A-C3CE-4C8A-8D1C-323366B04F88}.Debug|Any CPU.Build.0 = Debug|Any CPU
		{F9AE068A-C3CE-4C8A-8D1C-323366B04F88}.Release|Any CPU.ActiveCfg = Release|Any CPU
		{F9AE068A-C3CE-4C8A-8D1C-323366B04F88}.Release|Any CPU.Build.0 = Release|Any CPU
		{200AD841-7DF7-42F7-B29F-996155104738}.Debug|Any CPU.ActiveCfg = Debug|Any CPU
		{200AD841-7DF7-42F7-B29F-996155104738}.Debug|Any CPU.Build.0 = Debug|Any CPU
		{200AD841-7DF7-42F7-B29F-996155104738}.Release|Any CPU.ActiveCfg = Release|Any CPU
		{200AD841-7DF7-42F7-B29F-996155104738}.Release|Any CPU.Build.0 = Release|Any CPU
	EndGlobalSection
	GlobalSection(SolutionProperties) = preSolution
		HideSolutionNode = FALSE
	EndGlobalSection
	GlobalSection(ExtensibilityGlobals) = postSolution
		SolutionGuid = {30946C70-0D5E-4CEA-840F-0BD131290646}
	EndGlobalSection
EndGlobal
